
Microsoft Visual Studio Solution File, Format Version 12.00
# Visual Studio Version 17
VisualStudioVersion = 17.6.33829.357
MinimumVisualStudioVersion = 10.0.40219.1
Project("{888888A0-9F3D-457C-B088-3A5042F75D52}") = "DownloadFilesFromSharepoint", "DownloadFilesFromSharepoint.pyproj", "{0BB30B9D-CC27-483A-856A-54FBFD56E2A7}"
EndProject
Global
	GlobalSection(SolutionConfigurationPlatforms) = preSolution
		Debug|Any CPU = Debug|Any CPU
		Release|Any CPU = Release|Any CPU
	EndGlobalSection
	GlobalSection(ProjectConfigurationPlatforms) = postSolution
		{0BB30B9D-CC27-483A-856A-54FBFD56E2A7}.Debug|Any CPU.ActiveCfg = Debug|Any CPU
		{0BB30B9D-CC27-483A-856A-54FBFD56E2A7}.Release|Any CPU.ActiveCfg = Release|Any CPU
	EndGlobalSection
	GlobalSection(SolutionProperties) = preSolution
		HideSolutionNode = FALSE
	EndGlobalSection
	GlobalSection(ExtensibilityGlobals) = postSolution
		SolutionGuid = {D3969A1F-39E2-49D3-B957-D2DBB23BD8C9}
	EndGlobalSection
EndGlobal
